// !$*UTF8*$!
{
	archiveVersion = 1;
	classes = {
	};
	objectVersion = 56;
	objects = {

/* Begin PBXBuildFile section */
		7632C9972B5AD3C800647B35 /* Destination.swift in Sources */ = {isa = PBXBuildFile; fileRef = 7632C9962B5AD3C800647B35 /* Destination.swift */; };
		7632C9992B5AD64300647B35 /* MTPlacemark.swift in Sources */ = {isa = PBXBuildFile; fileRef = 7632C9982B5AD64300647B35 /* MTPlacemark.swift */; };
		7632C99B2B5BDD4500647B35 /* DestinationsListView.swift in Sources */ = {isa = PBXBuildFile; fileRef = 7632C99A2B5BDD4500647B35 /* DestinationsListView.swift */; };
		7632C99E2B5C296D00647B35 /* MapManager.swift in Sources */ = {isa = PBXBuildFile; fileRef = 7632C99D2B5C296D00647B35 /* MapManager.swift */; };
		76D3A37D2B5952C500CBCAE7 /* MyTripsApp.swift in Sources */ = {isa = PBXBuildFile; fileRef = 76D3A37C2B5952C500CBCAE7 /* MyTripsApp.swift */; };
		76D3A37F2B5952C500CBCAE7 /* ContentView.swift in Sources */ = {isa = PBXBuildFile; fileRef = 76D3A37E2B5952C500CBCAE7 /* ContentView.swift */; };
		76D3A3812B5952C800CBCAE7 /* Assets.xcassets in Resources */ = {isa = PBXBuildFile; fileRef = 76D3A3802B5952C800CBCAE7 /* Assets.xcassets */; };
		76D3A3852B5952C800CBCAE7 /* Preview Assets.xcassets in Resources */ = {isa = PBXBuildFile; fileRef = 76D3A3842B5952C800CBCAE7 /* Preview Assets.xcassets */; };
		76D3A38C2B5952E500CBCAE7 /* StartTab.swift in Sources */ = {isa = PBXBuildFile; fileRef = 76D3A38B2B5952E500CBCAE7 /* StartTab.swift */; };
		76D3A38E2B5953D700CBCAE7 /* TripMapView.swift in Sources */ = {isa = PBXBuildFile; fileRef = 76D3A38D2B5953D700CBCAE7 /* TripMapView.swift */; };
		76D3A3902B59544500CBCAE7 /* DestinationLocationsMapView.swift in Sources */ = {isa = PBXBuildFile; fileRef = 76D3A38F2B59544500CBCAE7 /* DestinationLocationsMapView.swift */; };
		76D3A3942B597E3900CBCAE7 /* SampleWarsawLocations.swift in Sources */ = {isa = PBXBuildFile; fileRef = 76D3A3932B597E3900CBCAE7 /* SampleWarsawLocations.swift */; };
/* End PBXBuildFile section */

/* Begin PBXFileReference section */
		7632C9962B5AD3C800647B35 /* Destination.swift */ = {isa = PBXFileReference; lastKnownFileType = sourcecode.swift; path = Destination.swift; sourceTree = "<group>"; };
		7632C9982B5AD64300647B35 /* MTPlacemark.swift */ = {isa = PBXFileReference; lastKnownFileType = sourcecode.swift; path = MTPlacemark.swift; sourceTree = "<group>"; };
		7632C99A2B5BDD4500647B35 /* DestinationsListView.swift */ = {isa = PBXFileReference; lastKnownFileType = sourcecode.swift; path = DestinationsListView.swift; sourceTree = "<group>"; };
		7632C99D2B5C296D00647B35 /* MapManager.swift */ = {isa = PBXFileReference; lastKnownFileType = sourcecode.swift; path = MapManager.swift; sourceTree = "<group>"; };
		76D3A3792B5952C500CBCAE7 /* MyTrips.app */ = {isa = PBXFileReference; explicitFileType = wrapper.application; includeInIndex = 0; path = MyTrips.app; sourceTree = BUILT_PRODUCTS_DIR; };
		76D3A37C2B5952C500CBCAE7 /* MyTripsApp.swift */ = {isa = PBXFileReference; lastKnownFileType = sourcecode.swift; path = MyTripsApp.swift; sourceTree = "<group>"; };
		76D3A37E2B5952C500CBCAE7 /* ContentView.swift */ = {isa = PBXFileReference; lastKnownFileType = sourcecode.swift; path = ContentView.swift; sourceTree = "<group>"; };
		76D3A3802B5952C800CBCAE7 /* Assets.xcassets */ = {isa = PBXFileReference; lastKnownFileType = folder.assetcatalog; path = Assets.xcassets; sourceTree = "<group>"; };
		76D3A3822B5952C800CBCAE7 /* MyTrips.entitlements */ = {isa = PBXFileReference; lastKnownFileType = text.plist.entitlements; path = MyTrips.entitlements; sourceTree = "<group>"; };
		76D3A3842B5952C800CBCAE7 /* Preview Assets.xcassets */ = {isa = PBXFileReference; lastKnownFileType = folder.assetcatalog; path = "Preview Assets.xcassets"; sourceTree = "<group>"; };
		76D3A38B2B5952E500CBCAE7 /* StartTab.swift */ = {isa = PBXFileReference; lastKnownFileType = sourcecode.swift; path = StartTab.swift; sourceTree = "<group>"; };
		76D3A38D2B5953D700CBCAE7 /* TripMapView.swift */ = {isa = PBXFileReference; lastKnownFileType = sourcecode.swift; path = TripMapView.swift; sourceTree = "<group>"; };
		76D3A38F2B59544500CBCAE7 /* DestinationLocationsMapView.swift */ = {isa = PBXFileReference; lastKnownFileType = sourcecode.swift; path = DestinationLocationsMapView.swift; sourceTree = "<group>"; };
		76D3A3932B597E3900CBCAE7 /* SampleWarsawLocations.swift */ = {isa = PBXFileReference; lastKnownFileType = sourcecode.swift; path = SampleWarsawLocations.swift; sourceTree = "<group>"; };
/* End PBXFileReference section */

/* Begin PBXFrameworksBuildPhase section */
		76D3A3762B5952C500CBCAE7 /* Frameworks */ = {
			isa = PBXFrameworksBuildPhase;
			buildActionMask = 2147483647;
			files = (
			);
			runOnlyForDeploymentPostprocessing = 0;
		};
/* End PBXFrameworksBuildPhase section */

/* Begin PBXGroup section */
		7632C9952B5AD3B900647B35 /* Models */ = {
			isa = PBXGroup;
			children = (
				7632C9962B5AD3C800647B35 /* Destination.swift */,
				7632C9982B5AD64300647B35 /* MTPlacemark.swift */,
			);
			path = Models;
			sourceTree = "<group>";
		};
		7632C99C2B5C293500647B35 /* Services */ = {
			isa = PBXGroup;
			children = (
				7632C99D2B5C296D00647B35 /* MapManager.swift */,
			);
			path = Services;
			sourceTree = "<group>";
		};
		76D3A3702B5952C500CBCAE7 = {
			isa = PBXGroup;
			children = (
				76D3A37B2B5952C500CBCAE7 /* MyTrips */,
				76D3A37A2B5952C500CBCAE7 /* Products */,
			);
			sourceTree = "<group>";
		};
		76D3A37A2B5952C500CBCAE7 /* Products */ = {
			isa = PBXGroup;
			children = (
				76D3A3792B5952C500CBCAE7 /* MyTrips.app */,
			);
			name = Products;
			sourceTree = "<group>";
		};
		76D3A37B2B5952C500CBCAE7 /* MyTrips */ = {
			isa = PBXGroup;
			children = (
				7632C9952B5AD3B900647B35 /* Models */,
				76D3A3922B5955AB00CBCAE7 /* DestinationsTab */,
				7632C99C2B5C293500647B35 /* Services */,
				76D3A3912B59559F00CBCAE7 /* MyTripTab */,
				76D3A37C2B5952C500CBCAE7 /* MyTripsApp.swift */,
				76D3A37E2B5952C500CBCAE7 /* ContentView.swift */,
				76D3A3802B5952C800CBCAE7 /* Assets.xcassets */,
				76D3A38B2B5952E500CBCAE7 /* StartTab.swift */,
				76D3A3932B597E3900CBCAE7 /* SampleWarsawLocations.swift */,
				76D3A3822B5952C800CBCAE7 /* MyTrips.entitlements */,
				76D3A3832B5952C800CBCAE7 /* Preview Content */,
			);
			path = MyTrips;
			sourceTree = "<group>";
		};
		76D3A3832B5952C800CBCAE7 /* Preview Content */ = {
			isa = PBXGroup;
			children = (
				76D3A3842B5952C800CBCAE7 /* Preview Assets.xcassets */,
			);
			path = "Preview Content";
			sourceTree = "<group>";
		};
		76D3A3912B59559F00CBCAE7 /* MyTripTab */ = {
			isa = PBXGroup;
			children = (
				76D3A38D2B5953D700CBCAE7 /* TripMapView.swift */,
			);
			path = MyTripTab;
			sourceTree = "<group>";
		};
		76D3A3922B5955AB00CBCAE7 /* DestinationsTab */ = {
			isa = PBXGroup;
			children = (
				76D3A38F2B59544500CBCAE7 /* DestinationLocationsMapView.swift */,
				7632C99A2B5BDD4500647B35 /* DestinationsListView.swift */,
			);
			path = DestinationsTab;
			sourceTree = "<group>";
		};
/* End PBXGroup section */

/* Begin PBXNativeTarget section */
		76D3A3782B5952C500CBCAE7 /* MyTrips */ = {
			isa = PBXNativeTarget;
			buildConfigurationList = 76D3A3882B5952C800CBCAE7 /* Build configuration list for PBXNativeTarget "MyTrips" */;
			buildPhases = (
				76D3A3752B5952C500CBCAE7 /* Sources */,
				76D3A3762B5952C500CBCAE7 /* Frameworks */,
				76D3A3772B5952C500CBCAE7 /* Resources */,
			);
			buildRules = (
			);
			dependencies = (
			);
			name = MyTrips;
			productName = MyTrips;
			productReference = 76D3A3792B5952C500CBCAE7 /* MyTrips.app */;
			productType = "com.apple.product-type.application";
		};
/* End PBXNativeTarget section */

/* Begin PBXProject section */
		76D3A3712B5952C500CBCAE7 /* Project object */ = {
			isa = PBXProject;
			attributes = {
				BuildIndependentTargetsInParallel = 1;
				LastSwiftUpdateCheck = 1520;
				LastUpgradeCheck = 1520;
				TargetAttributes = {
					76D3A3782B5952C500CBCAE7 = {
						CreatedOnToolsVersion = 15.2;
					};
				};
			};
			buildConfigurationList = 76D3A3742B5952C500CBCAE7 /* Build configuration list for PBXProject "MyTrips" */;
			compatibilityVersion = "Xcode 14.0";
			developmentRegion = en;
			hasScannedForEncodings = 0;
			knownRegions = (
				en,
				Base,
			);
			mainGroup = 76D3A3702B5952C500CBCAE7;
			productRefGroup = 76D3A37A2B5952C500CBCAE7 /* Products */;
			projectDirPath = "";
			projectRoot = "";
			targets = (
				76D3A3782B5952C500CBCAE7 /* MyTrips */,
			);
		};
/* End PBXProject section */

/* Begin PBXResourcesBuildPhase section */
		76D3A3772B5952C500CBCAE7 /* Resources */ = {
			isa = PBXResourcesBuildPhase;
			buildActionMask = 2147483647;
			files = (
				76D3A3852B5952C800CBCAE7 /* Preview Assets.xcassets in Resources */,
				76D3A3812B5952C800CBCAE7 /* Assets.xcassets in Resources */,
			);
			runOnlyForDeploymentPostprocessing = 0;
		};
/* End PBXResourcesBuildPhase section */

/* Begin PBXSourcesBuildPhase section */
		76D3A3752B5952C500CBCAE7 /* Sources */ = {
			isa = PBXSourcesBuildPhase;
			buildActionMask = 2147483647;
			files = (
				76D3A3902B59544500CBCAE7 /* DestinationLocationsMapView.swift in Sources */,
				76D3A3942B597E3900CBCAE7 /* SampleWarsawLocations.swift in Sources */,
				76D3A38E2B5953D700CBCAE7 /* TripMapView.swift in Sources */,
				76D3A38C2B5952E500CBCAE7 /* StartTab.swift in Sources */,
				76D3A37F2B5952C500CBCAE7 /* ContentView.swift in Sources */,
				7632C9992B5AD64300647B35 /* MTPlacemark.swift in Sources */,
				7632C99E2B5C296D00647B35 /* MapManager.swift in Sources */,
				76D3A37D2B5952C500CBCAE7 /* MyTripsApp.swift in Sources */,
				7632C99B2B5BDD4500647B35 /* DestinationsListView.swift in Sources */,
				7632C9972B5AD3C800647B35 /* Destination.swift in Sources */,
			);
			runOnlyForDeploymentPostprocessing = 0;
		};
/* End PBXSourcesBuildPhase section */

/* Begin XCBuildConfiguration section */
		76D3A3862B5952C800CBCAE7 /* Debug */ = {
			isa = XCBuildConfiguration;
			buildSettings = {
				ALWAYS_SEARCH_USER_PATHS = NO;
				ASSETCATALOG_COMPILER_GENERATE_SWIFT_ASSET_SYMBOL_EXTENSIONS = YES;
				CLANG_ANALYZER_NONNULL = YES;
				CLANG_ANALYZER_NUMBER_OBJECT_CONVERSION = YES_AGGRESSIVE;
				CLANG_CXX_LANGUAGE_STANDARD = "gnu++20";
				CLANG_ENABLE_MODULES = YES;
				CLANG_ENABLE_OBJC_ARC = YES;
				CLANG_ENABLE_OBJC_WEAK = YES;
				CLANG_WARN_BLOCK_CAPTURE_AUTORELEASING = YES;
				CLANG_WARN_BOOL_CONVERSION = YES;
				CLANG_WARN_COMMA = YES;
				CLANG_WARN_CONSTANT_CONVERSION = YES;
				CLANG_WARN_DEPRECATED_OBJC_IMPLEMENTATIONS = YES;
				CLANG_WARN_DIRECT_OBJC_ISA_USAGE = YES_ERROR;
				CLANG_WARN_DOCUMENTATION_COMMENTS = YES;
				CLANG_WARN_EMPTY_BODY = YES;
				CLANG_WARN_ENUM_CONVERSION = YES;
				CLANG_WARN_INFINITE_RECURSION = YES;
				CLANG_WARN_INT_CONVERSION = YES;
				CLANG_WARN_NON_LITERAL_NULL_CONVERSION = YES;
				CLANG_WARN_OBJC_IMPLICIT_RETAIN_SELF = YES;
				CLANG_WARN_OBJC_LITERAL_CONVERSION = YES;
				CLANG_WARN_OBJC_ROOT_CLASS = YES_ERROR;
				CLANG_WARN_QUOTED_INCLUDE_IN_FRAMEWORK_HEADER = YES;
				CLANG_WARN_RANGE_LOOP_ANALYSIS = YES;
				CLANG_WARN_STRICT_PROTOTYPES = YES;
				CLANG_WARN_SUSPICIOUS_MOVE = YES;
				CLANG_WARN_UNGUARDED_AVAILABILITY = YES_AGGRESSIVE;
				CLANG_WARN_UNREACHABLE_CODE = YES;
				CLANG_WARN__DUPLICATE_METHOD_MATCH = YES;
				COPY_PHASE_STRIP = NO;
				DEBUG_INFORMATION_FORMAT = dwarf;
				ENABLE_STRICT_OBJC_MSGSEND = YES;
				ENABLE_TESTABILITY = YES;
				ENABLE_USER_SCRIPT_SANDBOXING = YES;
				GCC_C_LANGUAGE_STANDARD = gnu17;
				GCC_DYNAMIC_NO_PIC = NO;
				GCC_NO_COMMON_BLOCKS = YES;
				GCC_OPTIMIZATION_LEVEL = 0;
				GCC_PREPROCESSOR_DEFINITIONS = (
					"DEBUG=1",
					"$(inherited)",
				);
				GCC_WARN_64_TO_32_BIT_CONVERSION = YES;
				GCC_WARN_ABOUT_RETURN_TYPE = YES_ERROR;
				GCC_WARN_UNDECLARED_SELECTOR = YES;
				GCC_WARN_UNINITIALIZED_AUTOS = YES_AGGRESSIVE;
				GCC_WARN_UNUSED_FUNCTION = YES;
				GCC_WARN_UNUSED_VARIABLE = YES;
				LOCALIZATION_PREFERS_STRING_CATALOGS = YES;
				MTL_ENABLE_DEBUG_INFO = INCLUDE_SOURCE;
				MTL_FAST_MATH = YES;
				ONLY_ACTIVE_ARCH = YES;
				SWIFT_ACTIVE_COMPILATION_CONDITIONS = "DEBUG $(inherited)";
				SWIFT_OPTIMIZATION_LEVEL = "-Onone";
			};
			name = Debug;
		};
		76D3A3872B5952C800CBCAE7 /* Release */ = {
			isa = XCBuildConfiguration;
			buildSettings = {
				ALWAYS_SEARCH_USER_PATHS = NO;
				ASSETCATALOG_COMPILER_GENERATE_SWIFT_ASSET_SYMBOL_EXTENSIONS = YES;
				CLANG_ANALYZER_NONNULL = YES;
				CLANG_ANALYZER_NUMBER_OBJECT_CONVERSION = YES_AGGRESSIVE;
				CLANG_CXX_LANGUAGE_STANDARD = "gnu++20";
				CLANG_ENABLE_MODULES = YES;
				CLANG_ENABLE_OBJC_ARC = YES;
				CLANG_ENABLE_OBJC_WEAK = YES;
				CLANG_WARN_BLOCK_CAPTURE_AUTORELEASING = YES;
				CLANG_WARN_BOOL_CONVERSION = YES;
				CLANG_WARN_COMMA = YES;
				CLANG_WARN_CONSTANT_CONVERSION = YES;
				CLANG_WARN_DEPRECATED_OBJC_IMPLEMENTATIONS = YES;
				CLANG_WARN_DIRECT_OBJC_ISA_USAGE = YES_ERROR;
				CLANG_WARN_DOCUMENTATION_COMMENTS = YES;
				CLANG_WARN_EMPTY_BODY = YES;
				CLANG_WARN_ENUM_CONVERSION = YES;
				CLANG_WARN_INFINITE_RECURSION = YES;
				CLANG_WARN_INT_CONVERSION = YES;
				CLANG_WARN_NON_LITERAL_NULL_CONVERSION = YES;
				CLANG_WARN_OBJC_IMPLICIT_RETAIN_SELF = YES;
				CLANG_WARN_OBJC_LITERAL_CONVERSION = YES;
				CLANG_WARN_OBJC_ROOT_CLASS = YES_ERROR;
				CLANG_WARN_QUOTED_INCLUDE_IN_FRAMEWORK_HEADER = YES;
				CLANG_WARN_RANGE_LOOP_ANALYSIS = YES;
				CLANG_WARN_STRICT_PROTOTYPES = YES;
				CLANG_WARN_SUSPICIOUS_MOVE = YES;
				CLANG_WARN_UNGUARDED_AVAILABILITY = YES_AGGRESSIVE;
				CLANG_WARN_UNREACHABLE_CODE = YES;
				CLANG_WARN__DUPLICATE_METHOD_MATCH = YES;
				COPY_PHASE_STRIP = NO;
				DEBUG_INFORMATION_FORMAT = "dwarf-with-dsym";
				ENABLE_NS_ASSERTIONS = NO;
				ENABLE_STRICT_OBJC_MSGSEND = YES;
				ENABLE_USER_SCRIPT_SANDBOXING = YES;
				GCC_C_LANGUAGE_STANDARD = gnu17;
				GCC_NO_COMMON_BLOCKS = YES;
				GCC_WARN_64_TO_32_BIT_CONVERSION = YES;
				GCC_WARN_ABOUT_RETURN_TYPE = YES_ERROR;
				GCC_WARN_UNDECLARED_SELECTOR = YES;
				GCC_WARN_UNINITIALIZED_AUTOS = YES_AGGRESSIVE;
				GCC_WARN_UNUSED_FUNCTION = YES;
				GCC_WARN_UNUSED_VARIABLE = YES;
				LOCALIZATION_PREFERS_STRING_CATALOGS = YES;
				MTL_ENABLE_DEBUG_INFO = NO;
				MTL_FAST_MATH = YES;
				SWIFT_COMPILATION_MODE = wholemodule;
			};
			name = Release;
		};
		76D3A3892B5952C800CBCAE7 /* Debug */ = {
			isa = XCBuildConfiguration;
			buildSettings = {
				ASSETCATALOG_COMPILER_APPICON_NAME = AppIcon;
				ASSETCATALOG_COMPILER_GLOBAL_ACCENT_COLOR_NAME = AccentColor;
				CODE_SIGN_ENTITLEMENTS = MyTrips/MyTrips.entitlements;
				CODE_SIGN_STYLE = Automatic;
				CURRENT_PROJECT_VERSION = 1;
				DEVELOPMENT_ASSET_PATHS = "\"MyTrips/Preview Content\"";
				DEVELOPMENT_TEAM = PFVCA649R3;
				ENABLE_HARDENED_RUNTIME = YES;
				ENABLE_PREVIEWS = YES;
				GENERATE_INFOPLIST_FILE = YES;
				"INFOPLIST_KEY_UIApplicationSceneManifest_Generation[sdk=iphoneos*]" = YES;
				"INFOPLIST_KEY_UIApplicationSceneManifest_Generation[sdk=iphonesimulator*]" = YES;
				"INFOPLIST_KEY_UIApplicationSupportsIndirectInputEvents[sdk=iphoneos*]" = YES;
				"INFOPLIST_KEY_UIApplicationSupportsIndirectInputEvents[sdk=iphonesimulator*]" = YES;
				"INFOPLIST_KEY_UILaunchScreen_Generation[sdk=iphoneos*]" = YES;
				"INFOPLIST_KEY_UILaunchScreen_Generation[sdk=iphonesimulator*]" = YES;
				"INFOPLIST_KEY_UIStatusBarStyle[sdk=iphoneos*]" = UIStatusBarStyleDefault;
				"INFOPLIST_KEY_UIStatusBarStyle[sdk=iphonesimulator*]" = UIStatusBarStyleDefault;
				INFOPLIST_KEY_UISupportedInterfaceOrientations_iPad = "UIInterfaceOrientationPortrait UIInterfaceOrientationPortraitUpsideDown UIInterfaceOrientationLandscapeLeft UIInterfaceOrientationLandscapeRight";
				INFOPLIST_KEY_UISupportedInterfaceOrientations_iPhone = "UIInterfaceOrientationPortrait UIInterfaceOrientationLandscapeLeft UIInterfaceOrientationLandscapeRight";
				IPHONEOS_DEPLOYMENT_TARGET = 17.2;
				LD_RUNPATH_SEARCH_PATHS = "@executable_path/Frameworks";
				"LD_RUNPATH_SEARCH_PATHS[sdk=macosx*]" = "@executable_path/../Frameworks";
				MACOSX_DEPLOYMENT_TARGET = 14.2;
				MARKETING_VERSION = 1.0;
				PRODUCT_BUNDLE_IDENTIFIER = com.kashiash.MyTrips;
				PRODUCT_NAME = "$(TARGET_NAME)";
				SDKROOT = auto;
				SUPPORTED_PLATFORMS = "iphoneos iphonesimulator macosx";
				SWIFT_EMIT_LOC_STRINGS = YES;
				SWIFT_VERSION = 5.0;
				TARGETED_DEVICE_FAMILY = "1,2";
			};
			name = Debug;
		};
		76D3A38A2B5952C800CBCAE7 /* Release */ = {
			isa = XCBuildConfiguration;
			buildSettings = {
				ASSETCATALOG_COMPILER_APPICON_NAME = AppIcon;
				ASSETCATALOG_COMPILER_GLOBAL_ACCENT_COLOR_NAME = AccentColor;
				CODE_SIGN_ENTITLEMENTS = MyTrips/MyTrips.entitlements;
				CODE_SIGN_STYLE = Automatic;
				CURRENT_PROJECT_VERSION = 1;
				DEVELOPMENT_ASSET_PATHS = "\"MyTrips/Preview Content\"";
				DEVELOPMENT_TEAM = PFVCA649R3;
				ENABLE_HARDENED_RUNTIME = YES;
				ENABLE_PREVIEWS = YES;
				GENERATE_INFOPLIST_FILE = YES;
				"INFOPLIST_KEY_UIApplicationSceneManifest_Generation[sdk=iphoneos*]" = YES;
				"INFOPLIST_KEY_UIApplicationSceneManifest_Generation[sdk=iphonesimulator*]" = YES;
				"INFOPLIST_KEY_UIApplicationSupportsIndirectInputEvents[sdk=iphoneos*]" = YES;
				"INFOPLIST_KEY_UIApplicationSupportsIndirectInputEvents[sdk=iphonesimulator*]" = YES;
				"INFOPLIST_KEY_UILaunchScreen_Generation[sdk=iphoneos*]" = YES;
				"INFOPLIST_KEY_UILaunchScreen_Generation[sdk=iphonesimulator*]" = YES;
				"INFOPLIST_KEY_UIStatusBarStyle[sdk=iphoneos*]" = UIStatusBarStyleDefault;
				"INFOPLIST_KEY_UIStatusBarStyle[sdk=iphonesimulator*]" = UIStatusBarStyleDefault;
				INFOPLIST_KEY_UISupportedInterfaceOrientations_iPad = "UIInterfaceOrientationPortrait UIInterfaceOrientationPortraitUpsideDown UIInterfaceOrientationLandscapeLeft UIInterfaceOrientationLandscapeRight";
				INFOPLIST_KEY_UISupportedInterfaceOrientations_iPhone = "UIInterfaceOrientationPortrait UIInterfaceOrientationLandscapeLeft UIInterfaceOrientationLandscapeRight";
				IPHONEOS_DEPLOYMENT_TARGET = 17.2;
				LD_RUNPATH_SEARCH_PATHS = "@executable_path/Frameworks";
				"LD_RUNPATH_SEARCH_PATHS[sdk=macosx*]" = "@executable_path/../Frameworks";
				MACOSX_DEPLOYMENT_TARGET = 14.2;
				MARKETING_VERSION = 1.0;
				PRODUCT_BUNDLE_IDENTIFIER = com.kashiash.MyTrips;
				PRODUCT_NAME = "$(TARGET_NAME)";
				SDKROOT = auto;
				SUPPORTED_PLATFORMS = "iphoneos iphonesimulator macosx";
				SWIFT_EMIT_LOC_STRINGS = YES;
				SWIFT_VERSION = 5.0;
				TARGETED_DEVICE_FAMILY = "1,2";
			};
			name = Release;
		};
/* End XCBuildConfiguration section */

/* Begin XCConfigurationList section */
		76D3A3742B5952C500CBCAE7 /* Build configuration list for PBXProject "MyTrips" */ = {
			isa = XCConfigurationList;
			buildConfigurations = (
				76D3A3862B5952C800CBCAE7 /* Debug */,
				76D3A3872B5952C800CBCAE7 /* Release */,
			);
			defaultConfigurationIsVisible = 0;
			defaultConfigurationName = Release;
		};
		76D3A3882B5952C800CBCAE7 /* Build configuration list for PBXNativeTarget "MyTrips" */ = {
			isa = XCConfigurationList;
			buildConfigurations = (
				76D3A3892B5952C800CBCAE7 /* Debug */,
				76D3A38A2B5952C800CBCAE7 /* Release */,
			);
			defaultConfigurationIsVisible = 0;
			defaultConfigurationName = Release;
		};
/* End XCConfigurationList section */
	};
	rootObject = 76D3A3712B5952C500CBCAE7 /* Project object */;
}
